<?xml version="1.0" encoding="utf-8"?>
<Project ToolsVersion="4.0" xmlns="http://schemas.microsoft.com/developer/msbuild/2003">
  <ItemGroup>
    <Filter Include="Source Files">
      <UniqueIdentifier>{4FC737F1-C7A5-4376-A066-2A32D752A2FF}</UniqueIdentifier>
      <Extensions>cpp;c;cc;cxx;c++;cppm;ixx;def;odl;idl;hpj;bat;asm;asmx</Extensions>
    </Filter>
    <Filter Include="Header Files">
      <UniqueIdentifier>{93995380-89BD-4b04-88EB-625FBE52EBFB}</UniqueIdentifier>
      <Extensions>h;hh;hpp;hxx;h++;hm;inl;inc;ipp;xsd</Extensions>
    </Filter>
    <Filter Include="Resource Files">
      <UniqueIdentifier>{67DA6AB6-F800-4c08-8B7A-83BB121AAD01}</UniqueIdentifier>
      <Extensions>rc;ico;cur;bmp;dlg;rc2;rct;bin;rgs;gif;jpg;jpeg;jpe;resx;tiff;tif;png;wav;mfcribbon-ms</Extensions>
    </Filter>
    <Filter Include="Header Files\Utilities">
      <UniqueIdentifier>{734e0c18-ca9e-4f84-9ec8-18864093d334}</UniqueIdentifier>
    </Filter>
    <Filter Include="Source Files\Utilities">
      <UniqueIdentifier>{0f8db9a0-294f-437e-a023-1ff7889e868c}</UniqueIdentifier>
    </Filter>
    <Filter Include="Header Files\Utilities\Maths">
      <UniqueIdentifier>{745acc42-9cfc-40f9-b041-47ac6925c66a}</UniqueIdentifier>
    </Filter>
    <Filter Include="Header Files\Utilities\Graphics">
      <UniqueIdentifier>{287846d5-be17-4401-87bb-2498d05ce320}</UniqueIdentifier>
    </Filter>
    <Filter Include="Source Files\Utilities\Maths">
      <UniqueIdentifier>{f0a6346d-8126-4518-bfe0-89087245b7fc}</UniqueIdentifier>
    </Filter>
    <Filter Include="Source Files\Utilities\Graphics">
      <UniqueIdentifier>{454919df-9210-4580-a8e1-683aaba2ddbc}</UniqueIdentifier>
    </Filter>
    <Filter Include="Header Files\Geometry">
      <UniqueIdentifier>{ba185f0d-4d33-41d4-9358-b1314f197f5e}</UniqueIdentifier>
    </Filter>
    <Filter Include="Source Files\Geometry">
      <UniqueIdentifier>{93a61030-fad6-4836-9f2b-5b6774775d73}</UniqueIdentifier>
    </Filter>
    <Filter Include="Header Files\Lighting">
      <UniqueIdentifier>{9228c7b6-a018-4773-a3d1-1a3e99274143}</UniqueIdentifier>
    </Filter>
    <Filter Include="Header Files\Shaders">
      <UniqueIdentifier>{1075fcd0-a586-48d3-a59b-b4dfe0e48250}</UniqueIdentifier>
    </Filter>
    <Filter Include="Header Files\Shaders\Base">
      <UniqueIdentifier>{6b7832da-e73b-4c52-9199-41ecb39c0bb8}</UniqueIdentifier>
    </Filter>
    <Filter Include="Header Files\BVH">
      <UniqueIdentifier>{b2672e10-f9f4-4f50-a05c-dd47151877d9}</UniqueIdentifier>
    </Filter>
    <Filter Include="Source Files\BVH">
      <UniqueIdentifier>{f5225f21-0f2a-47f0-beda-2433ae787033}</UniqueIdentifier>
    </Filter>
  </ItemGroup>
  <ItemGroup>
    <ClCompile Include="Main.cpp">
      <Filter>Source Files</Filter>
    </ClCompile>
    <ClCompile Include="Vector2.cpp">
      <Filter>Source Files\Utilities\Maths</Filter>
    </ClCompile>
    <ClCompile Include="Vector3.cpp">
      <Filter>Source Files\Utilities\Maths</Filter>
    </ClCompile>
    <ClCompile Include="Colour.cpp">
      <Filter>Source Files\Utilities\Graphics</Filter>
    </ClCompile>
    <ClCompile Include="Matrix4x4.cpp">
      <Filter>Source Files\Utilities\Maths</Filter>
    </ClCompile>
    <ClCompile Include="Camera.cpp">
      <Filter>Source Files</Filter>
    </ClCompile>
    <ClCompile Include="MeshLoader.cpp">
      <Filter>Source Files\Geometry</Filter>
    </ClCompile>
    <ClCompile Include="Timer.cpp">
      <Filter>Source Files\Utilities</Filter>
    </ClCompile>
    <ClCompile Include="Primitive.cpp">
      <Filter>Source Files\Geometry</Filter>
    </ClCompile>
    <ClCompile Include="Bvh.cpp">
      <Filter>Source Files\BVH</Filter>
    </ClCompile>
    <ClCompile Include="Intersection.cpp">
      <Filter>Source Files\Utilities</Filter>
    </ClCompile>
    <ClCompile Include="BoundingBox.cpp">
      <Filter>Source Files\Geometry</Filter>
    </ClCompile>
    <ClCompile Include="Texture.cpp">
      <Filter>Source Files\Utilities\Graphics</Filter>
    </ClCompile>
    <ClCompile Include="Atmosphere.cpp">
      <Filter>Source Files</Filter>
    </ClCompile>
  </ItemGroup>
  <ItemGroup>
    <ClInclude Include="Colour.h">
      <Filter>Header Files\Utilities\Graphics</Filter>
    </ClInclude>
    <ClInclude Include="Vector2.h">
      <Filter>Header Files\Utilities\Maths</Filter>
    </ClInclude>
    <ClInclude Include="Vector3.h">
      <Filter>Header Files\Utilities\Maths</Filter>
    </ClInclude>
    <ClInclude Include="Maths.h">
      <Filter>Header Files\Utilities\Maths</Filter>
    </ClInclude>
    <ClInclude Include="Pixel.h">
      <Filter>Header Files\Utilities\Graphics</Filter>
    </ClInclude>
    <ClInclude Include="Matrix4x4.h">
      <Filter>Header Files\Utilities\Maths</Filter>
    </ClInclude>
    <ClInclude Include="Camera.h">
      <Filter>Header Files</Filter>
    </ClInclude>
    <ClInclude Include="MeshData.h">
      <Filter>Header Files\Geometry</Filter>
    </ClInclude>
    <ClInclude Include="MeshLoader.h">
      <Filter>Header Files\Geometry</Filter>
    </ClInclude>
    <ClInclude Include="Timer.h">
      <Filter>Header Files\Utilities</Filter>
    </ClInclude>
    <ClInclude Include="Logger.h">
      <Filter>Header Files\Utilities</Filter>
    </ClInclude>
    <ClInclude Include="Primitive.h">
      <Filter>Header Files\Geometry</Filter>
    </ClInclude>
    <ClInclude Include="Light.h">
      <Filter>Header Files\Lighting</Filter>
    </ClInclude>
    <ClInclude Include="Material.h">
      <Filter>Header Files\Geometry</Filter>
    </ClInclude>
    <ClInclude Include="ShaderMaths.h">
      <Filter>Header Files\Shaders\Base</Filter>
    </ClInclude>
    <ClInclude Include="Shader.h">
      <Filter>Header Files\Shaders\Base</Filter>
    </ClInclude>
    <ClInclude Include="ShaderFunc.h">
      <Filter>Header Files\Shaders\Base</Filter>
    </ClInclude>
    <ClInclude Include="Random.h">
      <Filter>Header Files\Utilities\Maths</Filter>
    </ClInclude>
    <ClInclude Include="Bvh.h">
      <Filter>Header Files\BVH</Filter>
    </ClInclude>
    <ClInclude Include="Intersection.h">
      <Filter>Header Files\Utilities</Filter>
    </ClInclude>
    <ClInclude Include="BoundingBox.h">
      <Filter>Header Files\Geometry</Filter>
    </ClInclude>
    <ClInclude Include="Texture.h">
      <Filter>Header Files\Utilities\Graphics</Filter>
    </ClInclude>
    <ClInclude Include="Atmosphere.h">
      <Filter>Header Files</Filter>
    </ClInclude>
    <ClInclude Include="Ray.h">
      <Filter>Header Files\Utilities</Filter>
    </ClInclude>
  </ItemGroup>
</Project>