
Microsoft Visual Studio Solution File, Format Version 12.00
# Visual Studio Version 16
VisualStudioVersion = 16.0.31911.196
MinimumVisualStudioVersion = 10.0.40219.1
Project("{8BC9CEB8-8B4A-11D0-8D11-00A0C91BC942}") = "AT_CPU_RayTracing", "AT_CPU_RayTracing\AT_CPU_RayTracing.vcxproj", "{9D9BF7D8-22AC-40DC-B4AC-59ED8A4A1A6E}"
EndProject
Global
	GlobalSection(SolutionConfigurationPlatforms) = preSolution
		Debug|x64 = Debug|x64
		Debug|x86 = Debug|x86
		Release|x64 = Release|x64
		Release|x86 = Release|x86
	EndGlobalSection
	GlobalSection(ProjectConfigurationPlatforms) = postSolution
		{9D9BF7D8-22AC-40DC-B4AC-59ED8A4A1A6E}.Debug|x64.ActiveCfg = Debug|x64
		{9D9BF7D8-22AC-40DC-B4AC-59ED8A4A1A6E}.Debug|x64.Build.0 = Debug|x64
		{9D9BF7D8-22AC-40DC-B4AC-59ED8A4A1A6E}.Debug|x86.ActiveCfg = Debug|Win32
		{9D9BF7D8-22AC-40DC-B4AC-59ED8A4A1A6E}.Debug|x86.Build.0 = Debug|Win32
		{9D9BF7D8-22AC-40DC-B4AC-59ED8A4A1A6E}.Release|x64.ActiveCfg = Release|x64
		{9D9BF7D8-22AC-40DC-B4AC-59ED8A4A1A6E}.Release|x64.Build.0 = Release|x64
		{9D9BF7D8-22AC-40DC-B4AC-59ED8A4A1A6E}.Release|x86.ActiveCfg = Release|Win32
		{9D9BF7D8-22AC-40DC-B4AC-59ED8A4A1A6E}.Release|x86.Build.0 = Release|Win32
	EndGlobalSection
	GlobalSection(SolutionProperties) = preSolution
		HideSolutionNode = FALSE
	EndGlobalSection
	GlobalSection(ExtensibilityGlobals) = postSolution
		SolutionGuid = {5A956D40-8D03-46F2-9C5F-14AF4F1E22AF}
	EndGlobalSection
EndGlobal
